{
  "object": {
    "pins": [
      {
        "package": "cloud-sdk-ios",
        "repositoryURL": "https://github.com/SAP/cloud-sdk-ios",
        "state": {
          "branch": null,
          "revision": "338f757d7bc2a923f0f1714729f4fc8e8e2a5324",
          "version": "9.2.1"
        }
      },
      {
        "package": "FioriSwiftUI",
        "repositoryURL": "https://github.com/SAP/cloud-sdk-ios-fiori.git",
        "state": {
          "branch": null,
          "revision": "d25082ee1e97d33588ba2232deeb6f1fc9fc5762",
          "version": "3.2.0"
        }
      }
    ]
  },
  "version": 1
}
