{
  "object": {
    "pins": [
      {
        "package": "AnyCodable",
        "repositoryURL": "https://github.com/Flight-School/AnyCodable.git",
        "state": {
          "branch": null,
          "revision": "b1a7a8a6186f2fcb28f7bda67cfc545de48b3c80",
          "version": "0.6.2"
        }
      },
      {
        "package": "FioriSwiftUI",
        "repositoryURL": "https://github.com/SAP/cloud-sdk-ios-fiori.git",
        "state": {
          "branch": null,
          "revision": "ff824c66ffca56ba857730b8620a8bc587e809b6",
          "version": "1.0.1"
        }
      },
      {
        "package": "ObservableArray",
        "repositoryURL": "https://github.com/sstadelman/observable-array.git",
        "state": {
          "branch": null,
          "revision": "8cc76410f71b6653897f974b453e9a15ef8f96b4",
          "version": "1.2.0"
        }
      },
      {
        "package": "Zip",
        "repositoryURL": "https://github.com/marmelroy/Zip.git",
        "state": {
          "branch": null,
          "revision": "bd19d974e8a38cc8d3a88c90c8a107386c3b8ccf",
          "version": "2.1.1"
        }
      }
    ]
  },
  "version": 1
}
